
Microsoft Visual Studio Solution File, Format Version 12.00
# Visual Studio Version 17
VisualStudioVersion = 17.9.34723.18
MinimumVisualStudioVersion = 10.0.40219.1
Project("{FAE04EC0-301F-11D3-BF4B-00C04F79EFBC}") = "OpenWeatherMapAPI", "OpenWeatherMapAPI.csproj", "{BB6F5BCC-8A39-47AD-A81D-09E1C8575AC0}"
EndProject
Global
	GlobalSection(SolutionConfigurationPlatforms) = preSolution
		Debug|Any CPU = Debug|Any CPU
		Release|Any CPU = Release|Any CPU
	EndGlobalSection
	GlobalSection(ProjectConfigurationPlatforms) = postSolution
		{BB6F5BCC-8A39-47AD-A81D-09E1C8575AC0}.Debug|Any CPU.ActiveCfg = Debug|Any CPU
		{BB6F5BCC-8A39-47AD-A81D-09E1C8575AC0}.Debug|Any CPU.Build.0 = Debug|Any CPU
		{BB6F5BCC-8A39-47AD-A81D-09E1C8575AC0}.Release|Any CPU.ActiveCfg = Release|Any CPU
		{BB6F5BCC-8A39-47AD-A81D-09E1C8575AC0}.Release|Any CPU.Build.0 = Release|Any CPU
	EndGlobalSection
	GlobalSection(SolutionProperties) = preSolution
		HideSolutionNode = FALSE
	EndGlobalSection
	GlobalSection(ExtensibilityGlobals) = postSolution
		SolutionGuid = {00C0FC80-F47C-4D4E-AA09-1A02FDBF84C5}
	EndGlobalSection
EndGlobal
